
Microsoft Visual Studio Solution File, Format Version 12.00
# Visual Studio 15
VisualStudioVersion = 15.0.27004.2005
MinimumVisualStudioVersion = 10.0.40219.1
Project("{FAE04EC0-301F-11D3-BF4B-00C04F79EFBC}") = "RecyclerViewX", "RecyclerViewX\RecyclerViewX.csproj", "{EA0F19C3-96C4-4FEC-8EC4-F5BF0DBCF973}"
EndProject
Global
	GlobalSection(SolutionConfigurationPlatforms) = preSolution
		Debug|Any CPU = Debug|Any CPU
		Release|Any CPU = Release|Any CPU
	EndGlobalSection
	GlobalSection(ProjectConfigurationPlatforms) = postSolution
		{EA0F19C3-96C4-4FEC-8EC4-F5BF0DBCF973}.Debug|Any CPU.ActiveCfg = Debug|Any CPU
		{EA0F19C3-96C4-4FEC-8EC4-F5BF0DBCF973}.Debug|Any CPU.Build.0 = Debug|Any CPU
		{EA0F19C3-96C4-4FEC-8EC4-F5BF0DBCF973}.Debug|Any CPU.Deploy.0 = Debug|Any CPU
		{EA0F19C3-96C4-4FEC-8EC4-F5BF0DBCF973}.Release|Any CPU.ActiveCfg = Release|Any CPU
		{EA0F19C3-96C4-4FEC-8EC4-F5BF0DBCF973}.Release|Any CPU.Build.0 = Release|Any CPU
		{EA0F19C3-96C4-4FEC-8EC4-F5BF0DBCF973}.Release|Any CPU.Deploy.0 = Release|Any CPU
	EndGlobalSection
	GlobalSection(SolutionProperties) = preSolution
		HideSolutionNode = FALSE
	EndGlobalSection
	GlobalSection(ExtensibilityGlobals) = postSolution
		SolutionGuid = {B608A3E6-4A4A-45C8-99B9-8F8F78243E7D}
	EndGlobalSection
EndGlobal
